# THIS IS AN AUTOGENERATED FILE. DO NOT EDIT THIS FILE DIRECTLY.
# yarn lockfile v1


"@types/node@^14.0.22":
  version "14.0.22"
  resolved "https://registry.npm.taobao.org/@types/node/download/@types/node-14.0.22.tgz?cache=0&sync_timestamp=1594397594455&other_urls=https%3A%2F%2Fregistry.npm.taobao.org%2F%40types%2Fnode%2Fdownload%2F%40types%2Fnode-14.0.22.tgz#23ea4d88189cec7d58f9e6b66f786b215eb61bdc"
  integrity sha1-I+pNiBic7H1Y+ea2b3hrIV62G9w=

iconv-lite@^0.6.2:
  version "0.6.2"
  resolved "https://registry.npm.taobao.org/iconv-lite/download/iconv-lite-0.6.2.tgz#ce13d1875b0c3a674bd6a04b7f76b01b1b6ded01"
  integrity sha1-zhPRh1sMOmdL1qBLf3awGxtt7QE=
  dependencies:
    safer-buffer ">= 2.1.2 < 3.0.0"

"safer-buffer@>= 2.1.2 < 3.0.0":
  version "2.1.2"
  resolved "https://registry.npm.taobao.org/safer-buffer/download/safer-buffer-2.1.2.tgz#44fa161b0187b9549dd84bb91802f9bd8385cd6a"
  integrity sha1-RPoWGwGHuVSd2Eu5GAL5vYOFzWo=

typescript@^3.9.6:
  version "3.9.6"
  resolved "https://registry.npm.taobao.org/typescript/download/typescript-3.9.6.tgz#8f3e0198a34c3ae17091b35571d3afd31999365a"
  integrity sha1-jz4BmKNMOuFwkbNVcdOv0xmZNlo=
